
Microsoft Visual Studio Solution File, Format Version 12.00
# Visual Studio 14
VisualStudioVersion = 14.0.25123.0
MinimumVisualStudioVersion = 10.0.40219.1
Project("{FAE04EC0-301F-11D3-BF4B-00C04F79EFBC}") = "StoringTempData", "StoringTempData\StoringTempData.csproj", "{68C24026-C16B-4A8E-8C40-7AF6A72ECDDC}"
EndProject
Global
	GlobalSection(SolutionConfigurationPlatforms) = preSolution
		Debug|Any CPU = Debug|Any CPU
		Release|Any CPU = Release|Any CPU
	EndGlobalSection
	GlobalSection(ProjectConfigurationPlatforms) = postSolution
		{68C24026-C16B-4A8E-8C40-7AF6A72ECDDC}.Debug|Any CPU.ActiveCfg = Debug|Any CPU
		{68C24026-C16B-4A8E-8C40-7AF6A72ECDDC}.Debug|Any CPU.Build.0 = Debug|Any CPU
		{68C24026-C16B-4A8E-8C40-7AF6A72ECDDC}.Release|Any CPU.ActiveCfg = Release|Any CPU
		{68C24026-C16B-4A8E-8C40-7AF6A72ECDDC}.Release|Any CPU.Build.0 = Release|Any CPU
	EndGlobalSection
	GlobalSection(SolutionProperties) = preSolution
		HideSolutionNode = FALSE
	EndGlobalSection
EndGlobal
