
Microsoft Visual Studio Solution File, Format Version 12.00
# Visual Studio 14
VisualStudioVersion = 14.0.25420.1
MinimumVisualStudioVersion = 10.0.40219.1
Project("{FAE04EC0-301F-11D3-BF4B-00C04F79EFBC}") = "Modules", "Modules\Modules.csproj", "{8C821E04-0E50-4CE9-BCBE-0415C6C35A69}"
EndProject
Project("{FAE04EC0-301F-11D3-BF4B-00C04F79EFBC}") = "FilterProviderDemo2", "FilterProviderDemo2\FilterProviderDemo2.csproj", "{9A38C0A1-FB1C-4A68-9EF1-57ECA15541FF}"
EndProject
Project("{FAE04EC0-301F-11D3-BF4B-00C04F79EFBC}") = "FilterProviderDemo", "FilterProviderDemo\FilterProviderDemo.csproj", "{B3310257-0724-4051-9AD8-4F8EAACBA809}"
EndProject
Project("{FAE04EC0-301F-11D3-BF4B-00C04F79EFBC}") = "ControllerFactory", "ControllerFactory\ControllerFactory.csproj", "{8FC76504-D095-4264-B2AD-53F9F7AF7417}"
EndProject
Project("{FAE04EC0-301F-11D3-BF4B-00C04F79EFBC}") = "MethodSelectorDemo", "MethodSelectorDemo\MethodSelectorDemo.csproj", "{8BFF6D43-1AEE-4A0E-9EEF-0769ABAB1E36}"
EndProject
Project("{FAE04EC0-301F-11D3-BF4B-00C04F79EFBC}") = "FiltersDemo", "FiltersDemo\FiltersDemo.csproj", "{07FD1FC4-2598-4B4F-A259-72873A4EBC21}"
EndProject
Project("{FAE04EC0-301F-11D3-BF4B-00C04F79EFBC}") = "CustomModelBinderDemo", "CustomModelBinderDemo\CustomModelBinderDemo.csproj", "{82983F82-50E4-4D4A-B342-1D6CD882541D}"
EndProject
Project("{FAE04EC0-301F-11D3-BF4B-00C04F79EFBC}") = "RouteHandlerDemo", "RouteHandlerDemo\RouteHandlerDemo.csproj", "{EFD07814-C748-432B-9401-3EED74CB6427}"
EndProject
Project("{FAE04EC0-301F-11D3-BF4B-00C04F79EFBC}") = "CustomHttpHandlersDemo", "CustomHttpHandlersDemo\CustomHttpHandlersDemo.csproj", "{12C0BD3D-F20E-46A0-AF6F-BFD6596E9568}"
EndProject
Project("{FAE04EC0-301F-11D3-BF4B-00C04F79EFBC}") = "RouterHandlerSubdomainDemo", "RouterHandlerSubdomainDemo\RouterHandlerSubdomainDemo.csproj", "{63E117EA-22F7-4F45-98D5-8F2A9339427C}"
EndProject
Project("{FAE04EC0-301F-11D3-BF4B-00C04F79EFBC}") = "CustomActionInvokerDemo", "CustomActionInvokerDemo\CustomActionInvokerDemo.csproj", "{1B92F60F-93D5-4E50-91E7-DCD054D14C0D}"
EndProject
Project("{FAE04EC0-301F-11D3-BF4B-00C04F79EFBC}") = "CustomValueProviderDemo", "CustomValueProviderDemo\CustomValueProviderDemo.csproj", "{DDC10628-999C-4896-96FB-F31BA7A9B56E}"
EndProject
Project("{2150E333-8FDC-42A3-9474-1A3956D46DE8}") = "MVC", "MVC", "{D9580256-CFD2-4F8F-AE7E-280EB041E486}"
EndProject
Global
	GlobalSection(SolutionConfigurationPlatforms) = preSolution
		Debug|Any CPU = Debug|Any CPU
		Release|Any CPU = Release|Any CPU
	EndGlobalSection
	GlobalSection(ProjectConfigurationPlatforms) = postSolution
		{8C821E04-0E50-4CE9-BCBE-0415C6C35A69}.Debug|Any CPU.ActiveCfg = Debug|Any CPU
		{8C821E04-0E50-4CE9-BCBE-0415C6C35A69}.Debug|Any CPU.Build.0 = Debug|Any CPU
		{8C821E04-0E50-4CE9-BCBE-0415C6C35A69}.Release|Any CPU.ActiveCfg = Release|Any CPU
		{8C821E04-0E50-4CE9-BCBE-0415C6C35A69}.Release|Any CPU.Build.0 = Release|Any CPU
		{9A38C0A1-FB1C-4A68-9EF1-57ECA15541FF}.Debug|Any CPU.ActiveCfg = Debug|Any CPU
		{9A38C0A1-FB1C-4A68-9EF1-57ECA15541FF}.Debug|Any CPU.Build.0 = Debug|Any CPU
		{9A38C0A1-FB1C-4A68-9EF1-57ECA15541FF}.Release|Any CPU.ActiveCfg = Release|Any CPU
		{9A38C0A1-FB1C-4A68-9EF1-57ECA15541FF}.Release|Any CPU.Build.0 = Release|Any CPU
		{B3310257-0724-4051-9AD8-4F8EAACBA809}.Debug|Any CPU.ActiveCfg = Debug|Any CPU
		{B3310257-0724-4051-9AD8-4F8EAACBA809}.Debug|Any CPU.Build.0 = Debug|Any CPU
		{B3310257-0724-4051-9AD8-4F8EAACBA809}.Release|Any CPU.ActiveCfg = Release|Any CPU
		{B3310257-0724-4051-9AD8-4F8EAACBA809}.Release|Any CPU.Build.0 = Release|Any CPU
		{8FC76504-D095-4264-B2AD-53F9F7AF7417}.Debug|Any CPU.ActiveCfg = Debug|Any CPU
		{8FC76504-D095-4264-B2AD-53F9F7AF7417}.Debug|Any CPU.Build.0 = Debug|Any CPU
		{8FC76504-D095-4264-B2AD-53F9F7AF7417}.Release|Any CPU.ActiveCfg = Release|Any CPU
		{8FC76504-D095-4264-B2AD-53F9F7AF7417}.Release|Any CPU.Build.0 = Release|Any CPU
		{8BFF6D43-1AEE-4A0E-9EEF-0769ABAB1E36}.Debug|Any CPU.ActiveCfg = Debug|Any CPU
		{8BFF6D43-1AEE-4A0E-9EEF-0769ABAB1E36}.Debug|Any CPU.Build.0 = Debug|Any CPU
		{8BFF6D43-1AEE-4A0E-9EEF-0769ABAB1E36}.Release|Any CPU.ActiveCfg = Release|Any CPU
		{8BFF6D43-1AEE-4A0E-9EEF-0769ABAB1E36}.Release|Any CPU.Build.0 = Release|Any CPU
		{07FD1FC4-2598-4B4F-A259-72873A4EBC21}.Debug|Any CPU.ActiveCfg = Debug|Any CPU
		{07FD1FC4-2598-4B4F-A259-72873A4EBC21}.Debug|Any CPU.Build.0 = Debug|Any CPU
		{07FD1FC4-2598-4B4F-A259-72873A4EBC21}.Release|Any CPU.ActiveCfg = Release|Any CPU
		{07FD1FC4-2598-4B4F-A259-72873A4EBC21}.Release|Any CPU.Build.0 = Release|Any CPU
		{82983F82-50E4-4D4A-B342-1D6CD882541D}.Debug|Any CPU.ActiveCfg = Debug|Any CPU
		{82983F82-50E4-4D4A-B342-1D6CD882541D}.Debug|Any CPU.Build.0 = Debug|Any CPU
		{82983F82-50E4-4D4A-B342-1D6CD882541D}.Release|Any CPU.ActiveCfg = Release|Any CPU
		{82983F82-50E4-4D4A-B342-1D6CD882541D}.Release|Any CPU.Build.0 = Release|Any CPU
		{EFD07814-C748-432B-9401-3EED74CB6427}.Debug|Any CPU.ActiveCfg = Debug|Any CPU
		{EFD07814-C748-432B-9401-3EED74CB6427}.Debug|Any CPU.Build.0 = Debug|Any CPU
		{EFD07814-C748-432B-9401-3EED74CB6427}.Release|Any CPU.ActiveCfg = Release|Any CPU
		{EFD07814-C748-432B-9401-3EED74CB6427}.Release|Any CPU.Build.0 = Release|Any CPU
		{12C0BD3D-F20E-46A0-AF6F-BFD6596E9568}.Debug|Any CPU.ActiveCfg = Debug|Any CPU
		{12C0BD3D-F20E-46A0-AF6F-BFD6596E9568}.Debug|Any CPU.Build.0 = Debug|Any CPU
		{12C0BD3D-F20E-46A0-AF6F-BFD6596E9568}.Release|Any CPU.ActiveCfg = Release|Any CPU
		{12C0BD3D-F20E-46A0-AF6F-BFD6596E9568}.Release|Any CPU.Build.0 = Release|Any CPU
		{63E117EA-22F7-4F45-98D5-8F2A9339427C}.Debug|Any CPU.ActiveCfg = Debug|Any CPU
		{63E117EA-22F7-4F45-98D5-8F2A9339427C}.Debug|Any CPU.Build.0 = Debug|Any CPU
		{63E117EA-22F7-4F45-98D5-8F2A9339427C}.Release|Any CPU.ActiveCfg = Release|Any CPU
		{63E117EA-22F7-4F45-98D5-8F2A9339427C}.Release|Any CPU.Build.0 = Release|Any CPU
		{1B92F60F-93D5-4E50-91E7-DCD054D14C0D}.Debug|Any CPU.ActiveCfg = Debug|Any CPU
		{1B92F60F-93D5-4E50-91E7-DCD054D14C0D}.Debug|Any CPU.Build.0 = Debug|Any CPU
		{1B92F60F-93D5-4E50-91E7-DCD054D14C0D}.Release|Any CPU.ActiveCfg = Release|Any CPU
		{1B92F60F-93D5-4E50-91E7-DCD054D14C0D}.Release|Any CPU.Build.0 = Release|Any CPU
		{DDC10628-999C-4896-96FB-F31BA7A9B56E}.Debug|Any CPU.ActiveCfg = Debug|Any CPU
		{DDC10628-999C-4896-96FB-F31BA7A9B56E}.Debug|Any CPU.Build.0 = Debug|Any CPU
		{DDC10628-999C-4896-96FB-F31BA7A9B56E}.Release|Any CPU.ActiveCfg = Release|Any CPU
		{DDC10628-999C-4896-96FB-F31BA7A9B56E}.Release|Any CPU.Build.0 = Release|Any CPU
	EndGlobalSection
	GlobalSection(SolutionProperties) = preSolution
		HideSolutionNode = FALSE
	EndGlobalSection
	GlobalSection(NestedProjects) = preSolution
		{8C821E04-0E50-4CE9-BCBE-0415C6C35A69} = {D9580256-CFD2-4F8F-AE7E-280EB041E486}
		{9A38C0A1-FB1C-4A68-9EF1-57ECA15541FF} = {D9580256-CFD2-4F8F-AE7E-280EB041E486}
		{B3310257-0724-4051-9AD8-4F8EAACBA809} = {D9580256-CFD2-4F8F-AE7E-280EB041E486}
		{8FC76504-D095-4264-B2AD-53F9F7AF7417} = {D9580256-CFD2-4F8F-AE7E-280EB041E486}
		{8BFF6D43-1AEE-4A0E-9EEF-0769ABAB1E36} = {D9580256-CFD2-4F8F-AE7E-280EB041E486}
		{07FD1FC4-2598-4B4F-A259-72873A4EBC21} = {D9580256-CFD2-4F8F-AE7E-280EB041E486}
		{82983F82-50E4-4D4A-B342-1D6CD882541D} = {D9580256-CFD2-4F8F-AE7E-280EB041E486}
		{EFD07814-C748-432B-9401-3EED74CB6427} = {D9580256-CFD2-4F8F-AE7E-280EB041E486}
		{12C0BD3D-F20E-46A0-AF6F-BFD6596E9568} = {D9580256-CFD2-4F8F-AE7E-280EB041E486}
		{63E117EA-22F7-4F45-98D5-8F2A9339427C} = {D9580256-CFD2-4F8F-AE7E-280EB041E486}
		{1B92F60F-93D5-4E50-91E7-DCD054D14C0D} = {D9580256-CFD2-4F8F-AE7E-280EB041E486}
		{DDC10628-999C-4896-96FB-F31BA7A9B56E} = {D9580256-CFD2-4F8F-AE7E-280EB041E486}
	EndGlobalSection
EndGlobal
