
Microsoft Visual Studio Solution File, Format Version 12.00
# Visual Studio 14
VisualStudioVersion = 14.0.25420.1
MinimumVisualStudioVersion = 10.0.40219.1
Project("{FAE04EC0-301F-11D3-BF4B-00C04F79EFBC}") = "Modules", "Modules\Modules.csproj", "{8C821E04-0E50-4CE9-BCBE-0415C6C35A69}"
EndProject
Project("{FAE04EC0-301F-11D3-BF4B-00C04F79EFBC}") = "FilterProviderDemo2", "FilterProviderDemo2\FilterProviderDemo2.csproj", "{9A38C0A1-FB1C-4A68-9EF1-57ECA15541FF}"
EndProject
Project("{FAE04EC0-301F-11D3-BF4B-00C04F79EFBC}") = "FilterProviderDemo", "FilterProviderDemo\FilterProviderDemo.csproj", "{B3310257-0724-4051-9AD8-4F8EAACBA809}"
EndProject
Project("{FAE04EC0-301F-11D3-BF4B-00C04F79EFBC}") = "ControllerFactory", "ControllerFactory\ControllerFactory.csproj", "{8FC76504-D095-4264-B2AD-53F9F7AF7417}"
EndProject
Project("{FAE04EC0-301F-11D3-BF4B-00C04F79EFBC}") = "MethodSelectorDemo", "MethodSelectorDemo\MethodSelectorDemo.csproj", "{8BFF6D43-1AEE-4A0E-9EEF-0769ABAB1E36}"
EndProject
Project("{FAE04EC0-301F-11D3-BF4B-00C04F79EFBC}") = "FiltersDemo", "FiltersDemo\FiltersDemo.csproj", "{07FD1FC4-2598-4B4F-A259-72873A4EBC21}"
EndProject
Project("{FAE04EC0-301F-11D3-BF4B-00C04F79EFBC}") = "CustomModelBinderDemo", "CustomModelBinderDemo\CustomModelBinderDemo.csproj", "{82983F82-50E4-4D4A-B342-1D6CD882541D}"
EndProject
Project("{FAE04EC0-301F-11D3-BF4B-00C04F79EFBC}") = "RouteHandlerDemo", "RouteHandlerDemo\RouteHandlerDemo.csproj", "{EFD07814-C748-432B-9401-3EED74CB6427}"
EndProject
Project("{FAE04EC0-301F-11D3-BF4B-00C04F79EFBC}") = "CustomHttpHandlersDemo", "CustomHttpHandlersDemo\CustomHttpHandlersDemo.csproj", "{12C0BD3D-F20E-46A0-AF6F-BFD6596E9568}"
EndProject
Project("{FAE04EC0-301F-11D3-BF4B-00C04F79EFBC}") = "RouterHandlerSubdomainDemo", "RouterHandlerSubdomainDemo\RouterHandlerSubdomainDemo.csproj", "{63E117EA-22F7-4F45-98D5-8F2A9339427C}"
EndProject
Project("{FAE04EC0-301F-11D3-BF4B-00C04F79EFBC}") = "CustomActionInvokerDemo", "CustomActionInvokerDemo\CustomActionInvokerDemo.csproj", "{1B92F60F-93D5-4E50-91E7-DCD054D14C0D}"
EndProject
Project("{FAE04EC0-301F-11D3-BF4B-00C04F79EFBC}") = "CustomValueProviderDemo", "CustomValueProviderDemo\CustomValueProviderDemo.csproj", "{DDC10628-999C-4896-96FB-F31BA7A9B56E}"
EndProject
Project("{2150E333-8FDC-42A3-9474-1A3956D46DE8}") = "MVC", "MVC", "{D9580256-CFD2-4F8F-AE7E-280EB041E486}"
EndProject
Project("{2150E333-8FDC-42A3-9474-1A3956D46DE8}") = "WebApi", "WebApi", "{6CA92028-58A0-4E8E-BA1C-ACCD0BBEA209}"
EndProject
Project("{FAE04EC0-301F-11D3-BF4B-00C04F79EFBC}") = "CustomMessageHandlersDemo", "CustomMessageHandlersDemo\CustomMessageHandlersDemo.csproj", "{FEB3598B-1F7D-4A86-8BD6-787AA2A22F7D}"
EndProject
Project("{2150E333-8FDC-42A3-9474-1A3956D46DE8}") = "RouteHandlers", "RouteHandlers", "{6AF7671A-2CD1-4F41-96D8-8F2950B781E0}"
EndProject
Project("{FAE04EC0-301F-11D3-BF4B-00C04F79EFBC}") = "RouteHandlerRedirectDemo", "RouteHandlers\RouteHandlerRedirectDemo\RouteHandlerRedirectDemo.csproj", "{07C9792E-6F17-4F27-9366-21C4293689DA}"
EndProject
Project("{FAE04EC0-301F-11D3-BF4B-00C04F79EFBC}") = "CustomControllerSelectorDemo", "CustomControllerSelectorDemo\CustomControllerSelectorDemo.csproj", "{D4335CF4-A479-49EE-8025-83A3D5FBCBB5}"
EndProject
Project("{FAE04EC0-301F-11D3-BF4B-00C04F79EFBC}") = "CustomFIlterProviderDemo", "WebApi\CustomFIlterProviderDemo\CustomFIlterProviderDemo.csproj", "{C63424AE-693C-4365-9728-B9E9F53DE415}"
EndProject
Project("{FAE04EC0-301F-11D3-BF4B-00C04F79EFBC}") = "WebApi.CustomActionInvokerDemo", "WebApi\WebApi.CustomActionInvokerDemo\WebApi.CustomActionInvokerDemo.csproj", "{DB15765C-55AF-4F56-A471-96E087FDFE02}"
EndProject
Project("{FAE04EC0-301F-11D3-BF4B-00C04F79EFBC}") = "WebApi.RouteHandlers.CustomHttpMessage", "webapi\routehandlers\WebApi.RouteHandlers.CustomHttpMessage\WebApi.RouteHandlers.CustomHttpMessage.csproj", "{63587A66-8E4D-4845-9D3A-A0788179D616}"
EndProject
Project("{2150E333-8FDC-42A3-9474-1A3956D46DE8}") = "DelegatingHandlers", "DelegatingHandlers", "{FECCEC2A-8B7F-413C-AC1D-AF82A300C23B}"
EndProject
Project("{FAE04EC0-301F-11D3-BF4B-00C04F79EFBC}") = "ModelValidationDemo", "webapi\DelegatingHandlers\ModelValidationDemo\ModelValidationDemo.csproj", "{ACC51BE5-8B57-406F-9092-26B87D394CC8}"
EndProject
Project("{2150E333-8FDC-42A3-9474-1A3956D46DE8}") = "ControllerDispatcherDemo", "ControllerDispatcherDemo", "{49A2E6B8-4CE3-4635-9D27-5F80C25EAF62}"
EndProject
Project("{FAE04EC0-301F-11D3-BF4B-00C04F79EFBC}") = "AssemblyResolverDemo", "webapi\ControllerDispatcherDemo\AssemblyResolverDemo\AssemblyResolverDemo.csproj", "{B25F8AE5-4ED1-489E-BF56-0ABAB195CA7B}"
EndProject
Project("{FAE04EC0-301F-11D3-BF4B-00C04F79EFBC}") = "AssemblyResolverDemo.OtherProject", "webApi\ControllerDispatcherDemo\AssemblyResolverDemo.OtherProject\AssemblyResolverDemo.OtherProject.csproj", "{0BFF0286-F5BB-4A04-BEF5-6040EA1D6726}"
EndProject
Project("{2150E333-8FDC-42A3-9474-1A3956D46DE8}") = "AssemblyResolver", "AssemblyResolver", "{DC6CF8A2-B681-4BAA-9DAD-4B1BD695999B}"
EndProject
Project("{FAE04EC0-301F-11D3-BF4B-00C04F79EFBC}") = "ControllerTypeResolverDemo", "webapi\ControllerDispatcherDemo\ControllerTypeResolverDemo\ControllerTypeResolverDemo.csproj", "{419663E4-02CC-494D-B60F-FDB1D27E161E}"
EndProject
Project("{FAE04EC0-301F-11D3-BF4B-00C04F79EFBC}") = "ControllerSelectorDemo", "webapi\ControllerDispatcherDemo\ControllerSelectorDemo\ControllerSelectorDemo.csproj", "{9E0269CA-6544-4B7C-A12F-23DCD0A91285}"
EndProject
Project("{2150E333-8FDC-42A3-9474-1A3956D46DE8}") = "ModelBinding", "ModelBinding", "{8A201748-34A1-499A-B653-942AF99F1D59}"
EndProject
Project("{FAE04EC0-301F-11D3-BF4B-00C04F79EFBC}") = "HttpParameterBindingDemo", "webapi\modelbinding\HttpParameterBindingDemo\HttpParameterBindingDemo.csproj", "{7FE1646D-E0B1-4F50-AFAA-019CEE7B2B2D}"
EndProject
Project("{FAE04EC0-301F-11D3-BF4B-00C04F79EFBC}") = "MediaTypeFormattersDemo", "webapi\modelBinding\MediaTypeFormattersDemo\MediaTypeFormattersDemo.csproj", "{915AE6DD-FF51-4920-9152-4A0617FDF14B}"
EndProject
Global
	GlobalSection(SolutionConfigurationPlatforms) = preSolution
		Debug|Any CPU = Debug|Any CPU
		Release|Any CPU = Release|Any CPU
	EndGlobalSection
	GlobalSection(ProjectConfigurationPlatforms) = postSolution
		{8C821E04-0E50-4CE9-BCBE-0415C6C35A69}.Debug|Any CPU.ActiveCfg = Debug|Any CPU
		{8C821E04-0E50-4CE9-BCBE-0415C6C35A69}.Debug|Any CPU.Build.0 = Debug|Any CPU
		{8C821E04-0E50-4CE9-BCBE-0415C6C35A69}.Release|Any CPU.ActiveCfg = Release|Any CPU
		{8C821E04-0E50-4CE9-BCBE-0415C6C35A69}.Release|Any CPU.Build.0 = Release|Any CPU
		{9A38C0A1-FB1C-4A68-9EF1-57ECA15541FF}.Debug|Any CPU.ActiveCfg = Debug|Any CPU
		{9A38C0A1-FB1C-4A68-9EF1-57ECA15541FF}.Debug|Any CPU.Build.0 = Debug|Any CPU
		{9A38C0A1-FB1C-4A68-9EF1-57ECA15541FF}.Release|Any CPU.ActiveCfg = Release|Any CPU
		{9A38C0A1-FB1C-4A68-9EF1-57ECA15541FF}.Release|Any CPU.Build.0 = Release|Any CPU
		{B3310257-0724-4051-9AD8-4F8EAACBA809}.Debug|Any CPU.ActiveCfg = Debug|Any CPU
		{B3310257-0724-4051-9AD8-4F8EAACBA809}.Debug|Any CPU.Build.0 = Debug|Any CPU
		{B3310257-0724-4051-9AD8-4F8EAACBA809}.Release|Any CPU.ActiveCfg = Release|Any CPU
		{B3310257-0724-4051-9AD8-4F8EAACBA809}.Release|Any CPU.Build.0 = Release|Any CPU
		{8FC76504-D095-4264-B2AD-53F9F7AF7417}.Debug|Any CPU.ActiveCfg = Debug|Any CPU
		{8FC76504-D095-4264-B2AD-53F9F7AF7417}.Debug|Any CPU.Build.0 = Debug|Any CPU
		{8FC76504-D095-4264-B2AD-53F9F7AF7417}.Release|Any CPU.ActiveCfg = Release|Any CPU
		{8FC76504-D095-4264-B2AD-53F9F7AF7417}.Release|Any CPU.Build.0 = Release|Any CPU
		{8BFF6D43-1AEE-4A0E-9EEF-0769ABAB1E36}.Debug|Any CPU.ActiveCfg = Debug|Any CPU
		{8BFF6D43-1AEE-4A0E-9EEF-0769ABAB1E36}.Debug|Any CPU.Build.0 = Debug|Any CPU
		{8BFF6D43-1AEE-4A0E-9EEF-0769ABAB1E36}.Release|Any CPU.ActiveCfg = Release|Any CPU
		{8BFF6D43-1AEE-4A0E-9EEF-0769ABAB1E36}.Release|Any CPU.Build.0 = Release|Any CPU
		{07FD1FC4-2598-4B4F-A259-72873A4EBC21}.Debug|Any CPU.ActiveCfg = Debug|Any CPU
		{07FD1FC4-2598-4B4F-A259-72873A4EBC21}.Debug|Any CPU.Build.0 = Debug|Any CPU
		{07FD1FC4-2598-4B4F-A259-72873A4EBC21}.Release|Any CPU.ActiveCfg = Release|Any CPU
		{07FD1FC4-2598-4B4F-A259-72873A4EBC21}.Release|Any CPU.Build.0 = Release|Any CPU
		{82983F82-50E4-4D4A-B342-1D6CD882541D}.Debug|Any CPU.ActiveCfg = Debug|Any CPU
		{82983F82-50E4-4D4A-B342-1D6CD882541D}.Debug|Any CPU.Build.0 = Debug|Any CPU
		{82983F82-50E4-4D4A-B342-1D6CD882541D}.Release|Any CPU.ActiveCfg = Release|Any CPU
		{82983F82-50E4-4D4A-B342-1D6CD882541D}.Release|Any CPU.Build.0 = Release|Any CPU
		{EFD07814-C748-432B-9401-3EED74CB6427}.Debug|Any CPU.ActiveCfg = Debug|Any CPU
		{EFD07814-C748-432B-9401-3EED74CB6427}.Debug|Any CPU.Build.0 = Debug|Any CPU
		{EFD07814-C748-432B-9401-3EED74CB6427}.Release|Any CPU.ActiveCfg = Release|Any CPU
		{EFD07814-C748-432B-9401-3EED74CB6427}.Release|Any CPU.Build.0 = Release|Any CPU
		{12C0BD3D-F20E-46A0-AF6F-BFD6596E9568}.Debug|Any CPU.ActiveCfg = Debug|Any CPU
		{12C0BD3D-F20E-46A0-AF6F-BFD6596E9568}.Debug|Any CPU.Build.0 = Debug|Any CPU
		{12C0BD3D-F20E-46A0-AF6F-BFD6596E9568}.Release|Any CPU.ActiveCfg = Release|Any CPU
		{12C0BD3D-F20E-46A0-AF6F-BFD6596E9568}.Release|Any CPU.Build.0 = Release|Any CPU
		{63E117EA-22F7-4F45-98D5-8F2A9339427C}.Debug|Any CPU.ActiveCfg = Debug|Any CPU
		{63E117EA-22F7-4F45-98D5-8F2A9339427C}.Debug|Any CPU.Build.0 = Debug|Any CPU
		{63E117EA-22F7-4F45-98D5-8F2A9339427C}.Release|Any CPU.ActiveCfg = Release|Any CPU
		{63E117EA-22F7-4F45-98D5-8F2A9339427C}.Release|Any CPU.Build.0 = Release|Any CPU
		{1B92F60F-93D5-4E50-91E7-DCD054D14C0D}.Debug|Any CPU.ActiveCfg = Debug|Any CPU
		{1B92F60F-93D5-4E50-91E7-DCD054D14C0D}.Debug|Any CPU.Build.0 = Debug|Any CPU
		{1B92F60F-93D5-4E50-91E7-DCD054D14C0D}.Release|Any CPU.ActiveCfg = Release|Any CPU
		{1B92F60F-93D5-4E50-91E7-DCD054D14C0D}.Release|Any CPU.Build.0 = Release|Any CPU
		{DDC10628-999C-4896-96FB-F31BA7A9B56E}.Debug|Any CPU.ActiveCfg = Debug|Any CPU
		{DDC10628-999C-4896-96FB-F31BA7A9B56E}.Debug|Any CPU.Build.0 = Debug|Any CPU
		{DDC10628-999C-4896-96FB-F31BA7A9B56E}.Release|Any CPU.ActiveCfg = Release|Any CPU
		{DDC10628-999C-4896-96FB-F31BA7A9B56E}.Release|Any CPU.Build.0 = Release|Any CPU
		{FEB3598B-1F7D-4A86-8BD6-787AA2A22F7D}.Debug|Any CPU.ActiveCfg = Debug|Any CPU
		{FEB3598B-1F7D-4A86-8BD6-787AA2A22F7D}.Debug|Any CPU.Build.0 = Debug|Any CPU
		{FEB3598B-1F7D-4A86-8BD6-787AA2A22F7D}.Release|Any CPU.ActiveCfg = Release|Any CPU
		{FEB3598B-1F7D-4A86-8BD6-787AA2A22F7D}.Release|Any CPU.Build.0 = Release|Any CPU
		{07C9792E-6F17-4F27-9366-21C4293689DA}.Debug|Any CPU.ActiveCfg = Debug|Any CPU
		{07C9792E-6F17-4F27-9366-21C4293689DA}.Debug|Any CPU.Build.0 = Debug|Any CPU
		{07C9792E-6F17-4F27-9366-21C4293689DA}.Release|Any CPU.ActiveCfg = Release|Any CPU
		{07C9792E-6F17-4F27-9366-21C4293689DA}.Release|Any CPU.Build.0 = Release|Any CPU
		{D4335CF4-A479-49EE-8025-83A3D5FBCBB5}.Debug|Any CPU.ActiveCfg = Debug|Any CPU
		{D4335CF4-A479-49EE-8025-83A3D5FBCBB5}.Debug|Any CPU.Build.0 = Debug|Any CPU
		{D4335CF4-A479-49EE-8025-83A3D5FBCBB5}.Release|Any CPU.ActiveCfg = Release|Any CPU
		{D4335CF4-A479-49EE-8025-83A3D5FBCBB5}.Release|Any CPU.Build.0 = Release|Any CPU
		{C63424AE-693C-4365-9728-B9E9F53DE415}.Debug|Any CPU.ActiveCfg = Debug|Any CPU
		{C63424AE-693C-4365-9728-B9E9F53DE415}.Debug|Any CPU.Build.0 = Debug|Any CPU
		{C63424AE-693C-4365-9728-B9E9F53DE415}.Release|Any CPU.ActiveCfg = Release|Any CPU
		{C63424AE-693C-4365-9728-B9E9F53DE415}.Release|Any CPU.Build.0 = Release|Any CPU
		{DB15765C-55AF-4F56-A471-96E087FDFE02}.Debug|Any CPU.ActiveCfg = Debug|Any CPU
		{DB15765C-55AF-4F56-A471-96E087FDFE02}.Debug|Any CPU.Build.0 = Debug|Any CPU
		{DB15765C-55AF-4F56-A471-96E087FDFE02}.Release|Any CPU.ActiveCfg = Release|Any CPU
		{DB15765C-55AF-4F56-A471-96E087FDFE02}.Release|Any CPU.Build.0 = Release|Any CPU
		{63587A66-8E4D-4845-9D3A-A0788179D616}.Debug|Any CPU.ActiveCfg = Debug|Any CPU
		{63587A66-8E4D-4845-9D3A-A0788179D616}.Debug|Any CPU.Build.0 = Debug|Any CPU
		{63587A66-8E4D-4845-9D3A-A0788179D616}.Release|Any CPU.ActiveCfg = Release|Any CPU
		{63587A66-8E4D-4845-9D3A-A0788179D616}.Release|Any CPU.Build.0 = Release|Any CPU
		{ACC51BE5-8B57-406F-9092-26B87D394CC8}.Debug|Any CPU.ActiveCfg = Debug|Any CPU
		{ACC51BE5-8B57-406F-9092-26B87D394CC8}.Debug|Any CPU.Build.0 = Debug|Any CPU
		{ACC51BE5-8B57-406F-9092-26B87D394CC8}.Release|Any CPU.ActiveCfg = Release|Any CPU
		{ACC51BE5-8B57-406F-9092-26B87D394CC8}.Release|Any CPU.Build.0 = Release|Any CPU
		{B25F8AE5-4ED1-489E-BF56-0ABAB195CA7B}.Debug|Any CPU.ActiveCfg = Debug|Any CPU
		{B25F8AE5-4ED1-489E-BF56-0ABAB195CA7B}.Debug|Any CPU.Build.0 = Debug|Any CPU
		{B25F8AE5-4ED1-489E-BF56-0ABAB195CA7B}.Release|Any CPU.ActiveCfg = Release|Any CPU
		{B25F8AE5-4ED1-489E-BF56-0ABAB195CA7B}.Release|Any CPU.Build.0 = Release|Any CPU
		{0BFF0286-F5BB-4A04-BEF5-6040EA1D6726}.Debug|Any CPU.ActiveCfg = Debug|Any CPU
		{0BFF0286-F5BB-4A04-BEF5-6040EA1D6726}.Debug|Any CPU.Build.0 = Debug|Any CPU
		{0BFF0286-F5BB-4A04-BEF5-6040EA1D6726}.Release|Any CPU.ActiveCfg = Release|Any CPU
		{0BFF0286-F5BB-4A04-BEF5-6040EA1D6726}.Release|Any CPU.Build.0 = Release|Any CPU
		{419663E4-02CC-494D-B60F-FDB1D27E161E}.Debug|Any CPU.ActiveCfg = Debug|Any CPU
		{419663E4-02CC-494D-B60F-FDB1D27E161E}.Debug|Any CPU.Build.0 = Debug|Any CPU
		{419663E4-02CC-494D-B60F-FDB1D27E161E}.Release|Any CPU.ActiveCfg = Release|Any CPU
		{419663E4-02CC-494D-B60F-FDB1D27E161E}.Release|Any CPU.Build.0 = Release|Any CPU
		{9E0269CA-6544-4B7C-A12F-23DCD0A91285}.Debug|Any CPU.ActiveCfg = Debug|Any CPU
		{9E0269CA-6544-4B7C-A12F-23DCD0A91285}.Debug|Any CPU.Build.0 = Debug|Any CPU
		{9E0269CA-6544-4B7C-A12F-23DCD0A91285}.Release|Any CPU.ActiveCfg = Release|Any CPU
		{9E0269CA-6544-4B7C-A12F-23DCD0A91285}.Release|Any CPU.Build.0 = Release|Any CPU
		{7FE1646D-E0B1-4F50-AFAA-019CEE7B2B2D}.Debug|Any CPU.ActiveCfg = Debug|Any CPU
		{7FE1646D-E0B1-4F50-AFAA-019CEE7B2B2D}.Debug|Any CPU.Build.0 = Debug|Any CPU
		{7FE1646D-E0B1-4F50-AFAA-019CEE7B2B2D}.Release|Any CPU.ActiveCfg = Release|Any CPU
		{7FE1646D-E0B1-4F50-AFAA-019CEE7B2B2D}.Release|Any CPU.Build.0 = Release|Any CPU
		{915AE6DD-FF51-4920-9152-4A0617FDF14B}.Debug|Any CPU.ActiveCfg = Debug|Any CPU
		{915AE6DD-FF51-4920-9152-4A0617FDF14B}.Debug|Any CPU.Build.0 = Debug|Any CPU
		{915AE6DD-FF51-4920-9152-4A0617FDF14B}.Release|Any CPU.ActiveCfg = Release|Any CPU
		{915AE6DD-FF51-4920-9152-4A0617FDF14B}.Release|Any CPU.Build.0 = Release|Any CPU
	EndGlobalSection
	GlobalSection(SolutionProperties) = preSolution
		HideSolutionNode = FALSE
	EndGlobalSection
	GlobalSection(NestedProjects) = preSolution
		{8C821E04-0E50-4CE9-BCBE-0415C6C35A69} = {D9580256-CFD2-4F8F-AE7E-280EB041E486}
		{9A38C0A1-FB1C-4A68-9EF1-57ECA15541FF} = {D9580256-CFD2-4F8F-AE7E-280EB041E486}
		{B3310257-0724-4051-9AD8-4F8EAACBA809} = {D9580256-CFD2-4F8F-AE7E-280EB041E486}
		{8FC76504-D095-4264-B2AD-53F9F7AF7417} = {D9580256-CFD2-4F8F-AE7E-280EB041E486}
		{8BFF6D43-1AEE-4A0E-9EEF-0769ABAB1E36} = {D9580256-CFD2-4F8F-AE7E-280EB041E486}
		{07FD1FC4-2598-4B4F-A259-72873A4EBC21} = {D9580256-CFD2-4F8F-AE7E-280EB041E486}
		{82983F82-50E4-4D4A-B342-1D6CD882541D} = {D9580256-CFD2-4F8F-AE7E-280EB041E486}
		{EFD07814-C748-432B-9401-3EED74CB6427} = {D9580256-CFD2-4F8F-AE7E-280EB041E486}
		{12C0BD3D-F20E-46A0-AF6F-BFD6596E9568} = {D9580256-CFD2-4F8F-AE7E-280EB041E486}
		{63E117EA-22F7-4F45-98D5-8F2A9339427C} = {D9580256-CFD2-4F8F-AE7E-280EB041E486}
		{1B92F60F-93D5-4E50-91E7-DCD054D14C0D} = {D9580256-CFD2-4F8F-AE7E-280EB041E486}
		{DDC10628-999C-4896-96FB-F31BA7A9B56E} = {D9580256-CFD2-4F8F-AE7E-280EB041E486}
		{FEB3598B-1F7D-4A86-8BD6-787AA2A22F7D} = {6CA92028-58A0-4E8E-BA1C-ACCD0BBEA209}
		{6AF7671A-2CD1-4F41-96D8-8F2950B781E0} = {6CA92028-58A0-4E8E-BA1C-ACCD0BBEA209}
		{07C9792E-6F17-4F27-9366-21C4293689DA} = {6AF7671A-2CD1-4F41-96D8-8F2950B781E0}
		{D4335CF4-A479-49EE-8025-83A3D5FBCBB5} = {6CA92028-58A0-4E8E-BA1C-ACCD0BBEA209}
		{C63424AE-693C-4365-9728-B9E9F53DE415} = {6CA92028-58A0-4E8E-BA1C-ACCD0BBEA209}
		{DB15765C-55AF-4F56-A471-96E087FDFE02} = {6CA92028-58A0-4E8E-BA1C-ACCD0BBEA209}
		{63587A66-8E4D-4845-9D3A-A0788179D616} = {6AF7671A-2CD1-4F41-96D8-8F2950B781E0}
		{FECCEC2A-8B7F-413C-AC1D-AF82A300C23B} = {6CA92028-58A0-4E8E-BA1C-ACCD0BBEA209}
		{ACC51BE5-8B57-406F-9092-26B87D394CC8} = {FECCEC2A-8B7F-413C-AC1D-AF82A300C23B}
		{49A2E6B8-4CE3-4635-9D27-5F80C25EAF62} = {6CA92028-58A0-4E8E-BA1C-ACCD0BBEA209}
		{B25F8AE5-4ED1-489E-BF56-0ABAB195CA7B} = {DC6CF8A2-B681-4BAA-9DAD-4B1BD695999B}
		{0BFF0286-F5BB-4A04-BEF5-6040EA1D6726} = {DC6CF8A2-B681-4BAA-9DAD-4B1BD695999B}
		{DC6CF8A2-B681-4BAA-9DAD-4B1BD695999B} = {49A2E6B8-4CE3-4635-9D27-5F80C25EAF62}
		{419663E4-02CC-494D-B60F-FDB1D27E161E} = {49A2E6B8-4CE3-4635-9D27-5F80C25EAF62}
		{9E0269CA-6544-4B7C-A12F-23DCD0A91285} = {49A2E6B8-4CE3-4635-9D27-5F80C25EAF62}
		{8A201748-34A1-499A-B653-942AF99F1D59} = {6CA92028-58A0-4E8E-BA1C-ACCD0BBEA209}
		{7FE1646D-E0B1-4F50-AFAA-019CEE7B2B2D} = {8A201748-34A1-499A-B653-942AF99F1D59}
		{915AE6DD-FF51-4920-9152-4A0617FDF14B} = {8A201748-34A1-499A-B653-942AF99F1D59}
	EndGlobalSection
EndGlobal
