
Microsoft Visual Studio Solution File, Format Version 12.00
# Visual Studio 15
VisualStudioVersion = 15.0.26730.16
MinimumVisualStudioVersion = 10.0.40219.1
Project("{FAE04EC0-301F-11D3-BF4B-00C04F79EFBC}") = "Web", "Web\Web.csproj", "{47C7D400-457D-44B4-AA9C-93D2794FB8FC}"
EndProject
Global
	GlobalSection(SolutionConfigurationPlatforms) = preSolution
		Debug|Any CPU = Debug|Any CPU
		Release|Any CPU = Release|Any CPU
	EndGlobalSection
	GlobalSection(ProjectConfigurationPlatforms) = postSolution
		{47C7D400-457D-44B4-AA9C-93D2794FB8FC}.Debug|Any CPU.ActiveCfg = Debug|Any CPU
		{47C7D400-457D-44B4-AA9C-93D2794FB8FC}.Debug|Any CPU.Build.0 = Debug|Any CPU
		{47C7D400-457D-44B4-AA9C-93D2794FB8FC}.Release|Any CPU.ActiveCfg = Release|Any CPU
		{47C7D400-457D-44B4-AA9C-93D2794FB8FC}.Release|Any CPU.Build.0 = Release|Any CPU
	EndGlobalSection
	GlobalSection(SolutionProperties) = preSolution
		HideSolutionNode = FALSE
	EndGlobalSection
	GlobalSection(ExtensibilityGlobals) = postSolution
		SolutionGuid = {585A57ED-F2F3-47FC-8F33-E1340B87C4F8}
	EndGlobalSection
EndGlobal
