
Microsoft Visual Studio Solution File, Format Version 12.00
# Visual Studio 14
VisualStudioVersion = 14.0.25420.1
MinimumVisualStudioVersion = 10.0.40219.1
Project("{2150E333-8FDC-42A3-9474-1A3956D46DE8}") = "03.RouteHandlers", "03.RouteHandlers", "{6AF7671A-2CD1-4F41-96D8-8F2950B781E0}"
EndProject
Project("{2150E333-8FDC-42A3-9474-1A3956D46DE8}") = "02.DelegatingHandlers", "02.DelegatingHandlers", "{FECCEC2A-8B7F-413C-AC1D-AF82A300C23B}"
EndProject
Project("{2150E333-8FDC-42A3-9474-1A3956D46DE8}") = "04.ControllerDispatcher", "04.ControllerDispatcher", "{49A2E6B8-4CE3-4635-9D27-5F80C25EAF62}"
EndProject
Project("{2150E333-8FDC-42A3-9474-1A3956D46DE8}") = "4.3.AssemblyResolver", "4.3.AssemblyResolver", "{DC6CF8A2-B681-4BAA-9DAD-4B1BD695999B}"
EndProject
Project("{2150E333-8FDC-42A3-9474-1A3956D46DE8}") = "07.ModelBindingDemos", "07.ModelBindingDemos", "{8A201748-34A1-499A-B653-942AF99F1D59}"
EndProject
Project("{2150E333-8FDC-42A3-9474-1A3956D46DE8}") = "08.ActionResultDemos", "08.ActionResultDemos", "{E1482A1F-B219-4C9B-B2A1-000031F1A158}"
EndProject
Project("{2150E333-8FDC-42A3-9474-1A3956D46DE8}") = "01.HttpServer", "01.HttpServer", "{B3C88302-EBAA-42DA-9EF5-84FE43B400CD}"
EndProject
Project("{FAE04EC0-301F-11D3-BF4B-00C04F79EFBC}") = "HttpServerDemo.Api", "01.HttpServer\HttpServerDemo.Api\HttpServerDemo.Api.csproj", "{2E96F235-A0F8-4360-9D62-5315A53C5335}"
EndProject
Project("{FAE04EC0-301F-11D3-BF4B-00C04F79EFBC}") = "HttpServerDemo.ConsoleApp", "01.HttpServer\HttpServerDemo.ConsoleApp\HttpServerDemo.ConsoleApp.csproj", "{DD6A97C7-C28B-4F9F-B8E0-B6199ABDED96}"
EndProject
Project("{FAE04EC0-301F-11D3-BF4B-00C04F79EFBC}") = "ModelValidationDemo", "02.DelegatingHandlers\ModelValidationDemo\ModelValidationDemo.csproj", "{ACC51BE5-8B57-406F-9092-26B87D394CC8}"
EndProject
Project("{FAE04EC0-301F-11D3-BF4B-00C04F79EFBC}") = "3.1.CustomHttpMessageDemo", "03.RouteHandlers\CustomHttpMessage\3.1.CustomHttpMessageDemo.csproj", "{63587A66-8E4D-4845-9D3A-A0788179D616}"
EndProject
Project("{FAE04EC0-301F-11D3-BF4B-00C04F79EFBC}") = "AssemblyResolverDemo", "04.ControllerDispatcher\AssemblyResolver\AssemblyResolverDemo\AssemblyResolverDemo.csproj", "{B25F8AE5-4ED1-489E-BF56-0ABAB195CA7B}"
EndProject
Project("{FAE04EC0-301F-11D3-BF4B-00C04F79EFBC}") = "AssemblyResolverDemo.OtherProject", "04.ControllerDispatcher\AssemblyResolver\AssemblyResolverDemo.OtherProject\AssemblyResolverDemo.OtherProject.csproj", "{0BFF0286-F5BB-4A04-BEF5-6040EA1D6726}"
EndProject
Project("{FAE04EC0-301F-11D3-BF4B-00C04F79EFBC}") = "4.1.ControllerSelectorDemo", "04.ControllerDispatcher\ControllerSelectorDemo\4.1.ControllerSelectorDemo.csproj", "{9E0269CA-6544-4B7C-A12F-23DCD0A91285}"
EndProject
Project("{FAE04EC0-301F-11D3-BF4B-00C04F79EFBC}") = "4.2.ControllerTypeResolverDemo", "04.ControllerDispatcher\ControllerTypeResolverDemo\4.2.ControllerTypeResolverDemo.csproj", "{419663E4-02CC-494D-B60F-FDB1D27E161E}"
EndProject
Project("{FAE04EC0-301F-11D3-BF4B-00C04F79EFBC}") = "8.1.ActionResultDemo", "ActionResultDemos\CustomActionResultDemo\8.1.ActionResultDemo.csproj", "{E40E81F2-29F1-4072-87BA-5E6379E997A0}"
EndProject
Project("{FAE04EC0-301F-11D3-BF4B-00C04F79EFBC}") = "7.2.1.CsvMediaTypeFormatterDemo", "ModelBindingDemos\CsvMediaTypeFormatterDemo\7.2.1.CsvMediaTypeFormatterDemo.csproj", "{77B492D5-1C7B-4B9A-A840-33E34A336808}"
EndProject
Project("{FAE04EC0-301F-11D3-BF4B-00C04F79EFBC}") = "7.3.2.HttpParameterBindingDemo", "ModelBindingDemos\HttpParameterBindingDemo\7.3.2.HttpParameterBindingDemo.csproj", "{7FE1646D-E0B1-4F50-AFAA-019CEE7B2B2D}"
EndProject
Project("{FAE04EC0-301F-11D3-BF4B-00C04F79EFBC}") = "7.2.2.MediaTypeFormattersDemo", "ModelBindingDemos\MediaTypeFormattersDemo\7.2.2.MediaTypeFormattersDemo.csproj", "{915AE6DD-FF51-4920-9152-4A0617FDF14B}"
EndProject
Project("{FAE04EC0-301F-11D3-BF4B-00C04F79EFBC}") = "7.1.1.ModelBinderDemo", "ModelBindingDemos\ModelBinderDemo\7.1.1.ModelBinderDemo.csproj", "{D595AA38-CF73-4147-A729-A83E12E0424E}"
EndProject
Project("{FAE04EC0-301F-11D3-BF4B-00C04F79EFBC}") = "3.2.RedirectDemo", "03.RouteHandlers\RedirectDemo\3.2.RedirectDemo.csproj", "{C7199DB0-3016-4B37-8B32-A4682F26325F}"
EndProject
Project("{FAE04EC0-301F-11D3-BF4B-00C04F79EFBC}") = "4.4.ControllerActivatorDemo", "04.ControllerDispatcher\ControllerActivatorDemo\4.4.ControllerActivatorDemo.csproj", "{AD05F0BC-FCDE-4215-AEDA-AEA5AA6FB9A7}"
EndProject
Project("{2150E333-8FDC-42A3-9474-1A3956D46DE8}") = "06.ActionSelectorAndActionInvokerDemo", "06.ActionSelectorAndActionInvokerDemo", "{6FD13589-0F4E-4737-83CF-DB20CF749869}"
EndProject
Project("{FAE04EC0-301F-11D3-BF4B-00C04F79EFBC}") = "6.3.ActionInvokerDemo", "ActionSelectorAndActionInvokerDemos\ActionInvokerDemo\6.3.ActionInvokerDemo.csproj", "{DB15765C-55AF-4F56-A471-96E087FDFE02}"
EndProject
Project("{FAE04EC0-301F-11D3-BF4B-00C04F79EFBC}") = "6.1.DefaultActionSelectorDemo", "ActionSelectorAndActionInvokerDemos\DefaultActionSelectorDemo\6.1.DefaultActionSelectorDemo.csproj", "{D4335CF4-A479-49EE-8025-83A3D5FBCBB5}"
EndProject
Project("{2150E333-8FDC-42A3-9474-1A3956D46DE8}") = "05.FiltersDemos", "05.FiltersDemos", "{0CA34E58-2B88-4443-AB91-F62F2DF3D22C}"
EndProject
Project("{FAE04EC0-301F-11D3-BF4B-00C04F79EFBC}") = "FiltersDemo", "05.FiltersDemos\FiltersDemo\FiltersDemo.csproj", "{FB7976F0-41C4-4D56-A846-391484F5B0C6}"
EndProject
Project("{FAE04EC0-301F-11D3-BF4B-00C04F79EFBC}") = "CustomFIlterProviderDemo", "05.FiltersDemos\CustomFIlterProviderDemo\CustomFIlterProviderDemo.csproj", "{C63424AE-693C-4365-9728-B9E9F53DE415}"
EndProject
Project("{FAE04EC0-301F-11D3-BF4B-00C04F79EFBC}") = "WebApplication1", "WebApplication1\WebApplication1.csproj", "{6065C258-B0D1-4A37-92D2-AF25F278B406}"
EndProject
Project("{FAE04EC0-301F-11D3-BF4B-00C04F79EFBC}") = "7.2.1.CustomValueProviderDemo", "ModelBindingDemos\CustomValueProviderDemo\7.2.1.CustomValueProviderDemo.csproj", "{C26BCC9F-4608-43FF-B803-60FD8191EB5F}"
EndProject
Project("{FAE04EC0-301F-11D3-BF4B-00C04F79EFBC}") = "7.3.1.ActionInjectionDemo", "ModelBindingDemos\ActionInjectionDemo\7.3.1.ActionInjectionDemo.csproj", "{477742B5-7EE5-4C5D-B335-09B55A1942E5}"
EndProject
Project("{FAE04EC0-301F-11D3-BF4B-00C04F79EFBC}") = "3.3.GoToControllerDispatcherDemo", "03.RouteHandlers\GoToControllerDispatcherDemo\3.3.GoToControllerDispatcherDemo.csproj", "{A1C5BFEB-2C74-44CD-8B67-3DD5B6DFC676}"
EndProject
Project("{2150E333-8FDC-42A3-9474-1A3956D46DE8}") = "7.2.FormatterDemos", "7.2.FormatterDemos", "{9DE2B545-5C8B-4F89-8FB2-A5B891BCFEB6}"
EndProject
Project("{2150E333-8FDC-42A3-9474-1A3956D46DE8}") = "7.1.BinderDemos", "7.1.BinderDemos", "{2755D180-5815-49F4-A143-61804B35BD19}"
EndProject
Project("{2150E333-8FDC-42A3-9474-1A3956D46DE8}") = "7.3.HttpParameterDemos", "7.3.HttpParameterDemos", "{95F6C9A0-A62C-4202-B577-6D15BA853F15}"
EndProject
Project("{FAE04EC0-301F-11D3-BF4B-00C04F79EFBC}") = "6.2.CustomActionSelectorDemo", "ActionSelectorAndActionInvokerDemos\CustomActionSelectorDemo\6.2.CustomActionSelectorDemo.csproj", "{8397D796-9C3F-4457-ABBC-8F4B2F9B9897}"
EndProject
Global
	GlobalSection(SolutionConfigurationPlatforms) = preSolution
		Debug|Any CPU = Debug|Any CPU
		Release|Any CPU = Release|Any CPU
	EndGlobalSection
	GlobalSection(ProjectConfigurationPlatforms) = postSolution
		{2E96F235-A0F8-4360-9D62-5315A53C5335}.Debug|Any CPU.ActiveCfg = Debug|Any CPU
		{2E96F235-A0F8-4360-9D62-5315A53C5335}.Debug|Any CPU.Build.0 = Debug|Any CPU
		{2E96F235-A0F8-4360-9D62-5315A53C5335}.Release|Any CPU.ActiveCfg = Release|Any CPU
		{2E96F235-A0F8-4360-9D62-5315A53C5335}.Release|Any CPU.Build.0 = Release|Any CPU
		{DD6A97C7-C28B-4F9F-B8E0-B6199ABDED96}.Debug|Any CPU.ActiveCfg = Debug|Any CPU
		{DD6A97C7-C28B-4F9F-B8E0-B6199ABDED96}.Debug|Any CPU.Build.0 = Debug|Any CPU
		{DD6A97C7-C28B-4F9F-B8E0-B6199ABDED96}.Release|Any CPU.ActiveCfg = Release|Any CPU
		{DD6A97C7-C28B-4F9F-B8E0-B6199ABDED96}.Release|Any CPU.Build.0 = Release|Any CPU
		{ACC51BE5-8B57-406F-9092-26B87D394CC8}.Debug|Any CPU.ActiveCfg = Debug|Any CPU
		{ACC51BE5-8B57-406F-9092-26B87D394CC8}.Debug|Any CPU.Build.0 = Debug|Any CPU
		{ACC51BE5-8B57-406F-9092-26B87D394CC8}.Release|Any CPU.ActiveCfg = Release|Any CPU
		{ACC51BE5-8B57-406F-9092-26B87D394CC8}.Release|Any CPU.Build.0 = Release|Any CPU
		{63587A66-8E4D-4845-9D3A-A0788179D616}.Debug|Any CPU.ActiveCfg = Debug|Any CPU
		{63587A66-8E4D-4845-9D3A-A0788179D616}.Debug|Any CPU.Build.0 = Debug|Any CPU
		{63587A66-8E4D-4845-9D3A-A0788179D616}.Release|Any CPU.ActiveCfg = Release|Any CPU
		{63587A66-8E4D-4845-9D3A-A0788179D616}.Release|Any CPU.Build.0 = Release|Any CPU
		{B25F8AE5-4ED1-489E-BF56-0ABAB195CA7B}.Debug|Any CPU.ActiveCfg = Debug|Any CPU
		{B25F8AE5-4ED1-489E-BF56-0ABAB195CA7B}.Debug|Any CPU.Build.0 = Debug|Any CPU
		{B25F8AE5-4ED1-489E-BF56-0ABAB195CA7B}.Release|Any CPU.ActiveCfg = Release|Any CPU
		{B25F8AE5-4ED1-489E-BF56-0ABAB195CA7B}.Release|Any CPU.Build.0 = Release|Any CPU
		{0BFF0286-F5BB-4A04-BEF5-6040EA1D6726}.Debug|Any CPU.ActiveCfg = Debug|Any CPU
		{0BFF0286-F5BB-4A04-BEF5-6040EA1D6726}.Debug|Any CPU.Build.0 = Debug|Any CPU
		{0BFF0286-F5BB-4A04-BEF5-6040EA1D6726}.Release|Any CPU.ActiveCfg = Release|Any CPU
		{0BFF0286-F5BB-4A04-BEF5-6040EA1D6726}.Release|Any CPU.Build.0 = Release|Any CPU
		{9E0269CA-6544-4B7C-A12F-23DCD0A91285}.Debug|Any CPU.ActiveCfg = Debug|Any CPU
		{9E0269CA-6544-4B7C-A12F-23DCD0A91285}.Debug|Any CPU.Build.0 = Debug|Any CPU
		{9E0269CA-6544-4B7C-A12F-23DCD0A91285}.Release|Any CPU.ActiveCfg = Release|Any CPU
		{9E0269CA-6544-4B7C-A12F-23DCD0A91285}.Release|Any CPU.Build.0 = Release|Any CPU
		{419663E4-02CC-494D-B60F-FDB1D27E161E}.Debug|Any CPU.ActiveCfg = Debug|Any CPU
		{419663E4-02CC-494D-B60F-FDB1D27E161E}.Debug|Any CPU.Build.0 = Debug|Any CPU
		{419663E4-02CC-494D-B60F-FDB1D27E161E}.Release|Any CPU.ActiveCfg = Release|Any CPU
		{419663E4-02CC-494D-B60F-FDB1D27E161E}.Release|Any CPU.Build.0 = Release|Any CPU
		{E40E81F2-29F1-4072-87BA-5E6379E997A0}.Debug|Any CPU.ActiveCfg = Debug|Any CPU
		{E40E81F2-29F1-4072-87BA-5E6379E997A0}.Debug|Any CPU.Build.0 = Debug|Any CPU
		{E40E81F2-29F1-4072-87BA-5E6379E997A0}.Release|Any CPU.ActiveCfg = Release|Any CPU
		{E40E81F2-29F1-4072-87BA-5E6379E997A0}.Release|Any CPU.Build.0 = Release|Any CPU
		{77B492D5-1C7B-4B9A-A840-33E34A336808}.Debug|Any CPU.ActiveCfg = Debug|Any CPU
		{77B492D5-1C7B-4B9A-A840-33E34A336808}.Debug|Any CPU.Build.0 = Debug|Any CPU
		{77B492D5-1C7B-4B9A-A840-33E34A336808}.Release|Any CPU.ActiveCfg = Release|Any CPU
		{77B492D5-1C7B-4B9A-A840-33E34A336808}.Release|Any CPU.Build.0 = Release|Any CPU
		{7FE1646D-E0B1-4F50-AFAA-019CEE7B2B2D}.Debug|Any CPU.ActiveCfg = Debug|Any CPU
		{7FE1646D-E0B1-4F50-AFAA-019CEE7B2B2D}.Debug|Any CPU.Build.0 = Debug|Any CPU
		{7FE1646D-E0B1-4F50-AFAA-019CEE7B2B2D}.Release|Any CPU.ActiveCfg = Release|Any CPU
		{7FE1646D-E0B1-4F50-AFAA-019CEE7B2B2D}.Release|Any CPU.Build.0 = Release|Any CPU
		{915AE6DD-FF51-4920-9152-4A0617FDF14B}.Debug|Any CPU.ActiveCfg = Debug|Any CPU
		{915AE6DD-FF51-4920-9152-4A0617FDF14B}.Debug|Any CPU.Build.0 = Debug|Any CPU
		{915AE6DD-FF51-4920-9152-4A0617FDF14B}.Release|Any CPU.ActiveCfg = Release|Any CPU
		{915AE6DD-FF51-4920-9152-4A0617FDF14B}.Release|Any CPU.Build.0 = Release|Any CPU
		{D595AA38-CF73-4147-A729-A83E12E0424E}.Debug|Any CPU.ActiveCfg = Debug|Any CPU
		{D595AA38-CF73-4147-A729-A83E12E0424E}.Debug|Any CPU.Build.0 = Debug|Any CPU
		{D595AA38-CF73-4147-A729-A83E12E0424E}.Release|Any CPU.ActiveCfg = Release|Any CPU
		{D595AA38-CF73-4147-A729-A83E12E0424E}.Release|Any CPU.Build.0 = Release|Any CPU
		{C7199DB0-3016-4B37-8B32-A4682F26325F}.Debug|Any CPU.ActiveCfg = Debug|Any CPU
		{C7199DB0-3016-4B37-8B32-A4682F26325F}.Debug|Any CPU.Build.0 = Debug|Any CPU
		{C7199DB0-3016-4B37-8B32-A4682F26325F}.Release|Any CPU.ActiveCfg = Release|Any CPU
		{C7199DB0-3016-4B37-8B32-A4682F26325F}.Release|Any CPU.Build.0 = Release|Any CPU
		{AD05F0BC-FCDE-4215-AEDA-AEA5AA6FB9A7}.Debug|Any CPU.ActiveCfg = Debug|Any CPU
		{AD05F0BC-FCDE-4215-AEDA-AEA5AA6FB9A7}.Debug|Any CPU.Build.0 = Debug|Any CPU
		{AD05F0BC-FCDE-4215-AEDA-AEA5AA6FB9A7}.Release|Any CPU.ActiveCfg = Release|Any CPU
		{AD05F0BC-FCDE-4215-AEDA-AEA5AA6FB9A7}.Release|Any CPU.Build.0 = Release|Any CPU
		{DB15765C-55AF-4F56-A471-96E087FDFE02}.Debug|Any CPU.ActiveCfg = Debug|Any CPU
		{DB15765C-55AF-4F56-A471-96E087FDFE02}.Debug|Any CPU.Build.0 = Debug|Any CPU
		{DB15765C-55AF-4F56-A471-96E087FDFE02}.Release|Any CPU.ActiveCfg = Release|Any CPU
		{DB15765C-55AF-4F56-A471-96E087FDFE02}.Release|Any CPU.Build.0 = Release|Any CPU
		{D4335CF4-A479-49EE-8025-83A3D5FBCBB5}.Debug|Any CPU.ActiveCfg = Debug|Any CPU
		{D4335CF4-A479-49EE-8025-83A3D5FBCBB5}.Debug|Any CPU.Build.0 = Debug|Any CPU
		{D4335CF4-A479-49EE-8025-83A3D5FBCBB5}.Release|Any CPU.ActiveCfg = Release|Any CPU
		{D4335CF4-A479-49EE-8025-83A3D5FBCBB5}.Release|Any CPU.Build.0 = Release|Any CPU
		{FB7976F0-41C4-4D56-A846-391484F5B0C6}.Debug|Any CPU.ActiveCfg = Debug|Any CPU
		{FB7976F0-41C4-4D56-A846-391484F5B0C6}.Debug|Any CPU.Build.0 = Debug|Any CPU
		{FB7976F0-41C4-4D56-A846-391484F5B0C6}.Release|Any CPU.ActiveCfg = Release|Any CPU
		{FB7976F0-41C4-4D56-A846-391484F5B0C6}.Release|Any CPU.Build.0 = Release|Any CPU
		{C63424AE-693C-4365-9728-B9E9F53DE415}.Debug|Any CPU.ActiveCfg = Debug|Any CPU
		{C63424AE-693C-4365-9728-B9E9F53DE415}.Debug|Any CPU.Build.0 = Debug|Any CPU
		{C63424AE-693C-4365-9728-B9E9F53DE415}.Release|Any CPU.ActiveCfg = Release|Any CPU
		{C63424AE-693C-4365-9728-B9E9F53DE415}.Release|Any CPU.Build.0 = Release|Any CPU
		{6065C258-B0D1-4A37-92D2-AF25F278B406}.Debug|Any CPU.ActiveCfg = Debug|Any CPU
		{6065C258-B0D1-4A37-92D2-AF25F278B406}.Debug|Any CPU.Build.0 = Debug|Any CPU
		{6065C258-B0D1-4A37-92D2-AF25F278B406}.Release|Any CPU.ActiveCfg = Release|Any CPU
		{6065C258-B0D1-4A37-92D2-AF25F278B406}.Release|Any CPU.Build.0 = Release|Any CPU
		{C26BCC9F-4608-43FF-B803-60FD8191EB5F}.Debug|Any CPU.ActiveCfg = Debug|Any CPU
		{C26BCC9F-4608-43FF-B803-60FD8191EB5F}.Debug|Any CPU.Build.0 = Debug|Any CPU
		{C26BCC9F-4608-43FF-B803-60FD8191EB5F}.Release|Any CPU.ActiveCfg = Release|Any CPU
		{C26BCC9F-4608-43FF-B803-60FD8191EB5F}.Release|Any CPU.Build.0 = Release|Any CPU
		{477742B5-7EE5-4C5D-B335-09B55A1942E5}.Debug|Any CPU.ActiveCfg = Debug|Any CPU
		{477742B5-7EE5-4C5D-B335-09B55A1942E5}.Debug|Any CPU.Build.0 = Debug|Any CPU
		{477742B5-7EE5-4C5D-B335-09B55A1942E5}.Release|Any CPU.ActiveCfg = Release|Any CPU
		{477742B5-7EE5-4C5D-B335-09B55A1942E5}.Release|Any CPU.Build.0 = Release|Any CPU
		{A1C5BFEB-2C74-44CD-8B67-3DD5B6DFC676}.Debug|Any CPU.ActiveCfg = Debug|Any CPU
		{A1C5BFEB-2C74-44CD-8B67-3DD5B6DFC676}.Debug|Any CPU.Build.0 = Debug|Any CPU
		{A1C5BFEB-2C74-44CD-8B67-3DD5B6DFC676}.Release|Any CPU.ActiveCfg = Release|Any CPU
		{A1C5BFEB-2C74-44CD-8B67-3DD5B6DFC676}.Release|Any CPU.Build.0 = Release|Any CPU
		{8397D796-9C3F-4457-ABBC-8F4B2F9B9897}.Debug|Any CPU.ActiveCfg = Debug|Any CPU
		{8397D796-9C3F-4457-ABBC-8F4B2F9B9897}.Debug|Any CPU.Build.0 = Debug|Any CPU
		{8397D796-9C3F-4457-ABBC-8F4B2F9B9897}.Release|Any CPU.ActiveCfg = Release|Any CPU
		{8397D796-9C3F-4457-ABBC-8F4B2F9B9897}.Release|Any CPU.Build.0 = Release|Any CPU
	EndGlobalSection
	GlobalSection(SolutionProperties) = preSolution
		HideSolutionNode = FALSE
	EndGlobalSection
	GlobalSection(NestedProjects) = preSolution
		{DC6CF8A2-B681-4BAA-9DAD-4B1BD695999B} = {49A2E6B8-4CE3-4635-9D27-5F80C25EAF62}
		{2E96F235-A0F8-4360-9D62-5315A53C5335} = {B3C88302-EBAA-42DA-9EF5-84FE43B400CD}
		{DD6A97C7-C28B-4F9F-B8E0-B6199ABDED96} = {B3C88302-EBAA-42DA-9EF5-84FE43B400CD}
		{ACC51BE5-8B57-406F-9092-26B87D394CC8} = {FECCEC2A-8B7F-413C-AC1D-AF82A300C23B}
		{63587A66-8E4D-4845-9D3A-A0788179D616} = {6AF7671A-2CD1-4F41-96D8-8F2950B781E0}
		{B25F8AE5-4ED1-489E-BF56-0ABAB195CA7B} = {DC6CF8A2-B681-4BAA-9DAD-4B1BD695999B}
		{0BFF0286-F5BB-4A04-BEF5-6040EA1D6726} = {DC6CF8A2-B681-4BAA-9DAD-4B1BD695999B}
		{9E0269CA-6544-4B7C-A12F-23DCD0A91285} = {49A2E6B8-4CE3-4635-9D27-5F80C25EAF62}
		{419663E4-02CC-494D-B60F-FDB1D27E161E} = {49A2E6B8-4CE3-4635-9D27-5F80C25EAF62}
		{E40E81F2-29F1-4072-87BA-5E6379E997A0} = {E1482A1F-B219-4C9B-B2A1-000031F1A158}
		{77B492D5-1C7B-4B9A-A840-33E34A336808} = {9DE2B545-5C8B-4F89-8FB2-A5B891BCFEB6}
		{7FE1646D-E0B1-4F50-AFAA-019CEE7B2B2D} = {95F6C9A0-A62C-4202-B577-6D15BA853F15}
		{915AE6DD-FF51-4920-9152-4A0617FDF14B} = {9DE2B545-5C8B-4F89-8FB2-A5B891BCFEB6}
		{D595AA38-CF73-4147-A729-A83E12E0424E} = {2755D180-5815-49F4-A143-61804B35BD19}
		{C7199DB0-3016-4B37-8B32-A4682F26325F} = {6AF7671A-2CD1-4F41-96D8-8F2950B781E0}
		{AD05F0BC-FCDE-4215-AEDA-AEA5AA6FB9A7} = {49A2E6B8-4CE3-4635-9D27-5F80C25EAF62}
		{DB15765C-55AF-4F56-A471-96E087FDFE02} = {6FD13589-0F4E-4737-83CF-DB20CF749869}
		{D4335CF4-A479-49EE-8025-83A3D5FBCBB5} = {6FD13589-0F4E-4737-83CF-DB20CF749869}
		{FB7976F0-41C4-4D56-A846-391484F5B0C6} = {0CA34E58-2B88-4443-AB91-F62F2DF3D22C}
		{C63424AE-693C-4365-9728-B9E9F53DE415} = {0CA34E58-2B88-4443-AB91-F62F2DF3D22C}
		{C26BCC9F-4608-43FF-B803-60FD8191EB5F} = {2755D180-5815-49F4-A143-61804B35BD19}
		{477742B5-7EE5-4C5D-B335-09B55A1942E5} = {95F6C9A0-A62C-4202-B577-6D15BA853F15}
		{A1C5BFEB-2C74-44CD-8B67-3DD5B6DFC676} = {6AF7671A-2CD1-4F41-96D8-8F2950B781E0}
		{9DE2B545-5C8B-4F89-8FB2-A5B891BCFEB6} = {8A201748-34A1-499A-B653-942AF99F1D59}
		{2755D180-5815-49F4-A143-61804B35BD19} = {8A201748-34A1-499A-B653-942AF99F1D59}
		{95F6C9A0-A62C-4202-B577-6D15BA853F15} = {8A201748-34A1-499A-B653-942AF99F1D59}
		{8397D796-9C3F-4457-ABBC-8F4B2F9B9897} = {6FD13589-0F4E-4737-83CF-DB20CF749869}
	EndGlobalSection
EndGlobal
