
Microsoft Visual Studio Solution File, Format Version 12.00
# Visual Studio 15
VisualStudioVersion = 15.0.26730.16
MinimumVisualStudioVersion = 10.0.40219.1
Project("{FAE04EC0-301F-11D3-BF4B-00C04F79EFBC}") = "WcfAutofac", "WcfAutofac\WcfAutofac.csproj", "{42217270-E876-4F24-9A40-379D5E5B481C}"
EndProject
Global
	GlobalSection(SolutionConfigurationPlatforms) = preSolution
		Debug|Any CPU = Debug|Any CPU
		Release|Any CPU = Release|Any CPU
	EndGlobalSection
	GlobalSection(ProjectConfigurationPlatforms) = postSolution
		{42217270-E876-4F24-9A40-379D5E5B481C}.Debug|Any CPU.ActiveCfg = Debug|Any CPU
		{42217270-E876-4F24-9A40-379D5E5B481C}.Debug|Any CPU.Build.0 = Debug|Any CPU
		{42217270-E876-4F24-9A40-379D5E5B481C}.Release|Any CPU.ActiveCfg = Release|Any CPU
		{42217270-E876-4F24-9A40-379D5E5B481C}.Release|Any CPU.Build.0 = Release|Any CPU
	EndGlobalSection
	GlobalSection(SolutionProperties) = preSolution
		HideSolutionNode = FALSE
	EndGlobalSection
	GlobalSection(ExtensibilityGlobals) = postSolution
		SolutionGuid = {2AA2EC97-6CAB-4ECA-9B97-A25D77DF85EE}
	EndGlobalSection
EndGlobal
