
Microsoft Visual Studio Solution File, Format Version 12.00
# Visual Studio 14
VisualStudioVersion = 14.0.25420.1
MinimumVisualStudioVersion = 10.0.40219.1
Project("{FAE04EC0-301F-11D3-BF4B-00C04F79EFBC}") = "ConsoleApplication", "ConsoleApplication\ConsoleApplication.csproj", "{1BEFD73F-98F8-4BA7-AE7D-5EB79CBC298B}"
EndProject
Project("{FAE04EC0-301F-11D3-BF4B-00C04F79EFBC}") = "DTB", "DTB\DTB.csproj", "{71FE7934-A6DC-4DC7-BDF4-5C7A0D7213D6}"
EndProject
Project("{FAE04EC0-301F-11D3-BF4B-00C04F79EFBC}") = "UnitTests", "UnitTests\UnitTests.csproj", "{0937770C-436A-4379-8C19-016DA232C014}"
EndProject
Global
	GlobalSection(SolutionConfigurationPlatforms) = preSolution
		Debug|Any CPU = Debug|Any CPU
		Release|Any CPU = Release|Any CPU
	EndGlobalSection
	GlobalSection(ProjectConfigurationPlatforms) = postSolution
		{1BEFD73F-98F8-4BA7-AE7D-5EB79CBC298B}.Debug|Any CPU.ActiveCfg = Debug|Any CPU
		{1BEFD73F-98F8-4BA7-AE7D-5EB79CBC298B}.Debug|Any CPU.Build.0 = Debug|Any CPU
		{1BEFD73F-98F8-4BA7-AE7D-5EB79CBC298B}.Release|Any CPU.ActiveCfg = Release|Any CPU
		{1BEFD73F-98F8-4BA7-AE7D-5EB79CBC298B}.Release|Any CPU.Build.0 = Release|Any CPU
		{71FE7934-A6DC-4DC7-BDF4-5C7A0D7213D6}.Debug|Any CPU.ActiveCfg = Debug|Any CPU
		{71FE7934-A6DC-4DC7-BDF4-5C7A0D7213D6}.Debug|Any CPU.Build.0 = Debug|Any CPU
		{71FE7934-A6DC-4DC7-BDF4-5C7A0D7213D6}.Release|Any CPU.ActiveCfg = Release|Any CPU
		{71FE7934-A6DC-4DC7-BDF4-5C7A0D7213D6}.Release|Any CPU.Build.0 = Release|Any CPU
		{0937770C-436A-4379-8C19-016DA232C014}.Debug|Any CPU.ActiveCfg = Debug|Any CPU
		{0937770C-436A-4379-8C19-016DA232C014}.Debug|Any CPU.Build.0 = Debug|Any CPU
		{0937770C-436A-4379-8C19-016DA232C014}.Release|Any CPU.ActiveCfg = Release|Any CPU
		{0937770C-436A-4379-8C19-016DA232C014}.Release|Any CPU.Build.0 = Release|Any CPU
	EndGlobalSection
	GlobalSection(SolutionProperties) = preSolution
		HideSolutionNode = FALSE
	EndGlobalSection
EndGlobal
