
Microsoft Visual Studio Solution File, Format Version 12.00
# Visual Studio Express 14 for Web
VisualStudioVersion = 14.0.25420.1
MinimumVisualStudioVersion = 10.0.40219.1
Project("{FAE04EC0-301F-11D3-BF4B-00C04F79EFBC}") = "MyProject.WebApi", "Web\MyProject.WebApi\MyProject.WebApi.csproj", "{FA1CDF55-1AE5-4DE2-88E1-29ABBE0EDB03}"
EndProject
Project("{2150E333-8FDC-42A3-9474-1A3956D46DE8}") = "Web", "Web", "{75154A95-7CF0-4517-A5FE-BA6C207AA670}"
EndProject
Global
	GlobalSection(SolutionConfigurationPlatforms) = preSolution
		Debug|Any CPU = Debug|Any CPU
		Release|Any CPU = Release|Any CPU
	EndGlobalSection
	GlobalSection(ProjectConfigurationPlatforms) = postSolution
		{FA1CDF55-1AE5-4DE2-88E1-29ABBE0EDB03}.Debug|Any CPU.ActiveCfg = Debug|Any CPU
		{FA1CDF55-1AE5-4DE2-88E1-29ABBE0EDB03}.Debug|Any CPU.Build.0 = Debug|Any CPU
		{FA1CDF55-1AE5-4DE2-88E1-29ABBE0EDB03}.Release|Any CPU.ActiveCfg = Release|Any CPU
		{FA1CDF55-1AE5-4DE2-88E1-29ABBE0EDB03}.Release|Any CPU.Build.0 = Release|Any CPU
	EndGlobalSection
	GlobalSection(SolutionProperties) = preSolution
		HideSolutionNode = FALSE
	EndGlobalSection
	GlobalSection(NestedProjects) = preSolution
		{FA1CDF55-1AE5-4DE2-88E1-29ABBE0EDB03} = {75154A95-7CF0-4517-A5FE-BA6C207AA670}
	EndGlobalSection
EndGlobal
